
Microsoft Visual Studio Solution File, Format Version 12.00
# Visual Studio 14
VisualStudioVersion = 14.0.23107.0
MinimumVisualStudioVersion = 10.0.40219.1
Project("{FAE04EC0-301F-11D3-BF4B-00C04F79EFBC}") = "farmer_system", "farmer_system\farmer_system.csproj", "{0FA01114-AF31-4383-A09F-B43665868E37}"
EndProject
Project("{54435603-DBB4-11D2-8724-00A0C9A8B90C}") = "Setup1", "Setup1\Setup1.vdproj", "{470DC7EB-39FD-48F9-AC71-60EA24F89A29}"
EndProject
Global
	GlobalSection(SolutionConfigurationPlatforms) = preSolution
		Debug|Any CPU = Debug|Any CPU
		Release|Any CPU = Release|Any CPU
	EndGlobalSection
	GlobalSection(ProjectConfigurationPlatforms) = postSolution
		{0FA01114-AF31-4383-A09F-B43665868E37}.Debug|Any CPU.ActiveCfg = Debug|Any CPU
		{0FA01114-AF31-4383-A09F-B43665868E37}.Debug|Any CPU.Build.0 = Debug|Any CPU
		{0FA01114-AF31-4383-A09F-B43665868E37}.Release|Any CPU.ActiveCfg = Release|Any CPU
		{0FA01114-AF31-4383-A09F-B43665868E37}.Release|Any CPU.Build.0 = Release|Any CPU
		{470DC7EB-39FD-48F9-AC71-60EA24F89A29}.Debug|Any CPU.ActiveCfg = Debug
		{470DC7EB-39FD-48F9-AC71-60EA24F89A29}.Release|Any CPU.ActiveCfg = Release
	EndGlobalSection
	GlobalSection(SolutionProperties) = preSolution
		HideSolutionNode = FALSE
	EndGlobalSection
	GlobalSection(TeamFoundationVersionControl) = preSolution
		SccNumberOfProjects = 3
		SccEnterpriseProvider = {4CA58AB2-18FA-4F8D-95D4-32DDF27D184C}
		SccTeamFoundationServer = https://geo7geg.visualstudio.com/defaultcollection
		SccLocalPath0 = .
		SccProjectUniqueName1 = farmer_system\\farmer_system.csproj
		SccProjectName1 = farmer_system
		SccLocalPath1 = farmer_system
		SccProjectUniqueName2 = Setup1\\Setup1.vdproj
		SccProjectName2 = Setup1
		SccLocalPath2 = Setup1
	EndGlobalSection
EndGlobal
